
Microsoft Visual Studio Solution File, Format Version 12.00
# Visual Studio Version 17
VisualStudioVersion = 17.14.36401.2 d17.14
MinimumVisualStudioVersion = 10.0.40219.1
Project("{FAE04EC0-301F-11D3-BF4B-00C04F79EFBC}") = "backend", "backend.csproj", "{505C0835-9F87-4146-A3C7-0E4DEF23236D}"
EndProject
Global
	GlobalSection(SolutionConfigurationPlatforms) = preSolution
		Debug|Any CPU = Debug|Any CPU
		Release|Any CPU = Release|Any CPU
	EndGlobalSection
	GlobalSection(ProjectConfigurationPlatforms) = postSolution
		{505C0835-9F87-4146-A3C7-0E4DEF23236D}.Debug|Any CPU.ActiveCfg = Debug|Any CPU
		{505C0835-9F87-4146-A3C7-0E4DEF23236D}.Debug|Any CPU.Build.0 = Debug|Any CPU
		{505C0835-9F87-4146-A3C7-0E4DEF23236D}.Release|Any CPU.ActiveCfg = Release|Any CPU
		{505C0835-9F87-4146-A3C7-0E4DEF23236D}.Release|Any CPU.Build.0 = Release|Any CPU
	EndGlobalSection
	GlobalSection(SolutionProperties) = preSolution
		HideSolutionNode = FALSE
	EndGlobalSection
	GlobalSection(ExtensibilityGlobals) = postSolution
		SolutionGuid = {F17E92B4-0203-48A6-89FB-430755A6884D}
	EndGlobalSection
EndGlobal
